
Microsoft Visual Studio Solution File, Format Version 12.00
# Visual Studio Version 16
VisualStudioVersion = 16.0.30804.86
MinimumVisualStudioVersion = 10.0.40219.1
Project("{FAE04EC0-301F-11D3-BF4B-00C04F79EFBC}") = "DeberComplejosApp", "DeberComplejosApp\DeberComplejosApp.csproj", "{AC7BB3B0-1660-4149-9871-45E0126F93C6}"
EndProject
Project("{FAE04EC0-301F-11D3-BF4B-00C04F79EFBC}") = "calculadoraComplejoTest", "calculadoraComplejoTest\calculadoraComplejoTest.csproj", "{3AF54833-1ADE-4385-8834-CDF61327260C}"
EndProject
Project("{FAE04EC0-301F-11D3-BF4B-00C04F79EFBC}") = "CalculadoraLogica", "CalculadoraLogica\CalculadoraLogica.csproj", "{B4FC5801-46FE-4CEA-BC1B-4FF78945288C}"
EndProject
Global
	GlobalSection(SolutionConfigurationPlatforms) = preSolution
		Debug|Any CPU = Debug|Any CPU
		Release|Any CPU = Release|Any CPU
	EndGlobalSection
	GlobalSection(ProjectConfigurationPlatforms) = postSolution
		{AC7BB3B0-1660-4149-9871-45E0126F93C6}.Debug|Any CPU.ActiveCfg = Debug|Any CPU
		{AC7BB3B0-1660-4149-9871-45E0126F93C6}.Debug|Any CPU.Build.0 = Debug|Any CPU
		{AC7BB3B0-1660-4149-9871-45E0126F93C6}.Release|Any CPU.ActiveCfg = Release|Any CPU
		{AC7BB3B0-1660-4149-9871-45E0126F93C6}.Release|Any CPU.Build.0 = Release|Any CPU
		{3AF54833-1ADE-4385-8834-CDF61327260C}.Debug|Any CPU.ActiveCfg = Debug|Any CPU
		{3AF54833-1ADE-4385-8834-CDF61327260C}.Debug|Any CPU.Build.0 = Debug|Any CPU
		{3AF54833-1ADE-4385-8834-CDF61327260C}.Release|Any CPU.ActiveCfg = Release|Any CPU
		{3AF54833-1ADE-4385-8834-CDF61327260C}.Release|Any CPU.Build.0 = Release|Any CPU
		{B4FC5801-46FE-4CEA-BC1B-4FF78945288C}.Debug|Any CPU.ActiveCfg = Debug|Any CPU
		{B4FC5801-46FE-4CEA-BC1B-4FF78945288C}.Debug|Any CPU.Build.0 = Debug|Any CPU
		{B4FC5801-46FE-4CEA-BC1B-4FF78945288C}.Release|Any CPU.ActiveCfg = Release|Any CPU
		{B4FC5801-46FE-4CEA-BC1B-4FF78945288C}.Release|Any CPU.Build.0 = Release|Any CPU
	EndGlobalSection
	GlobalSection(SolutionProperties) = preSolution
		HideSolutionNode = FALSE
	EndGlobalSection
	GlobalSection(ExtensibilityGlobals) = postSolution
		SolutionGuid = {1C19A436-4259-4CDF-9E02-BF08055E1B7C}
	EndGlobalSection
EndGlobal
